
Microsoft Visual Studio Solution File, Format Version 12.00
# Visual Studio Version 18
VisualStudioVersion = 18.3.11520.95 d18.3
MinimumVisualStudioVersion = 10.0.40219.1
Project("{FAE04EC0-301F-11D3-BF4B-00C04F79EFBC}") = "DesktopFolders", "DesktopFolders.csproj", "{36EC01A1-FB49-AAD8-5062-DBC41DD17D68}"
EndProject
Global
	GlobalSection(SolutionConfigurationPlatforms) = preSolution
		Debug|Any CPU = Debug|Any CPU
		Release|Any CPU = Release|Any CPU
	EndGlobalSection
	GlobalSection(ProjectConfigurationPlatforms) = postSolution
		{36EC01A1-FB49-AAD8-5062-DBC41DD17D68}.Debug|Any CPU.ActiveCfg = Debug|Any CPU
		{36EC01A1-FB49-AAD8-5062-DBC41DD17D68}.Debug|Any CPU.Build.0 = Debug|Any CPU
		{36EC01A1-FB49-AAD8-5062-DBC41DD17D68}.Release|Any CPU.ActiveCfg = Release|Any CPU
		{36EC01A1-FB49-AAD8-5062-DBC41DD17D68}.Release|Any CPU.Build.0 = Release|Any CPU
	EndGlobalSection
	GlobalSection(SolutionProperties) = preSolution
		HideSolutionNode = FALSE
	EndGlobalSection
	GlobalSection(ExtensibilityGlobals) = postSolution
		SolutionGuid = {328520D8-E8EE-41E1-9025-9E3838F7DE7C}
	EndGlobalSection
EndGlobal
